
Microsoft Visual Studio Solution File, Format Version 12.00
# Visual Studio Version 17
VisualStudioVersion = 17.7.34003.232
MinimumVisualStudioVersion = 10.0.40219.1
Project("{FAE04EC0-301F-11D3-BF4B-00C04F79EFBC}") = "CafeManagementSystem", "CafeManagementSystem\CafeManagementSystem.csproj", "{B0E7DBED-7715-4A7B-AA69-9DF39497B718}"
EndProject
Global
	GlobalSection(SolutionConfigurationPlatforms) = preSolution
		Debug|Any CPU = Debug|Any CPU
		Release|Any CPU = Release|Any CPU
	EndGlobalSection
	GlobalSection(ProjectConfigurationPlatforms) = postSolution
		{B0E7DBED-7715-4A7B-AA69-9DF39497B718}.Debug|Any CPU.ActiveCfg = Debug|Any CPU
		{B0E7DBED-7715-4A7B-AA69-9DF39497B718}.Debug|Any CPU.Build.0 = Debug|Any CPU
		{B0E7DBED-7715-4A7B-AA69-9DF39497B718}.Release|Any CPU.ActiveCfg = Release|Any CPU
		{B0E7DBED-7715-4A7B-AA69-9DF39497B718}.Release|Any CPU.Build.0 = Release|Any CPU
	EndGlobalSection
	GlobalSection(SolutionProperties) = preSolution
		HideSolutionNode = FALSE
	EndGlobalSection
	GlobalSection(ExtensibilityGlobals) = postSolution
		SolutionGuid = {2E1D1771-BAE9-4006-8C19-BF6368FE7F67}
	EndGlobalSection
EndGlobal
